
Microsoft Visual Studio Solution File, Format Version 12.00
# Visual Studio Version 16
VisualStudioVersion = 16.0.31515.178
MinimumVisualStudioVersion = 10.0.40219.1
Project("{9A19103F-16F7-4668-BE54-9A1E7A4F7556}") = "IVRPhoneTree.Web", "IVRPhoneTree.Web\IVRPhoneTree.Web.csproj", "{79838BB2-A18B-40E3-ABE2-BA41A57641BD}"
EndProject
Global
	GlobalSection(SolutionConfigurationPlatforms) = preSolution
		Debug|Any CPU = Debug|Any CPU
		Release|Any CPU = Release|Any CPU
	EndGlobalSection
	GlobalSection(ProjectConfigurationPlatforms) = postSolution
		{79838BB2-A18B-40E3-ABE2-BA41A57641BD}.Debug|Any CPU.ActiveCfg = Debug|Any CPU
		{79838BB2-A18B-40E3-ABE2-BA41A57641BD}.Debug|Any CPU.Build.0 = Debug|Any CPU
		{79838BB2-A18B-40E3-ABE2-BA41A57641BD}.Release|Any CPU.ActiveCfg = Release|Any CPU
		{79838BB2-A18B-40E3-ABE2-BA41A57641BD}.Release|Any CPU.Build.0 = Release|Any CPU
	EndGlobalSection
	GlobalSection(SolutionProperties) = preSolution
		HideSolutionNode = FALSE
	EndGlobalSection
	GlobalSection(ExtensibilityGlobals) = postSolution
		SolutionGuid = {ACCE0D7E-3342-4608-B004-FC47C6C38E6A}
	EndGlobalSection
EndGlobal
